
Microsoft Visual Studio Solution File, Format Version 12.00
# Visual Studio Version 16
VisualStudioVersion = 16.0.30621.155
MinimumVisualStudioVersion = 10.0.40219.1
Project("{9A19103F-16F7-4668-BE54-9A1E7A4F7556}") = "CapaLogica", "CapaLogica\CapaLogica.csproj", "{8A40A302-2428-40A7-85D6-80B739909C42}"
EndProject
Project("{FAE04EC0-301F-11D3-BF4B-00C04F79EFBC}") = "CapaPresentacionForm", "CapaPresentacionForm\CapaPresentacionForm.csproj", "{947080B8-5795-45BC-9094-9BC86F93AE8B}"
EndProject
Project("{FAE04EC0-301F-11D3-BF4B-00C04F79EFBC}") = "CapaPresentacion", "CapaPresentacion\CapaPresentacion.csproj", "{B671B4AC-F7D5-4E16-8C68-7A74649656A0}"
EndProject
Global
	GlobalSection(SolutionConfigurationPlatforms) = preSolution
		Debug|Any CPU = Debug|Any CPU
		Release|Any CPU = Release|Any CPU
	EndGlobalSection
	GlobalSection(ProjectConfigurationPlatforms) = postSolution
		{8A40A302-2428-40A7-85D6-80B739909C42}.Debug|Any CPU.ActiveCfg = Debug|Any CPU
		{8A40A302-2428-40A7-85D6-80B739909C42}.Debug|Any CPU.Build.0 = Debug|Any CPU
		{8A40A302-2428-40A7-85D6-80B739909C42}.Release|Any CPU.ActiveCfg = Release|Any CPU
		{8A40A302-2428-40A7-85D6-80B739909C42}.Release|Any CPU.Build.0 = Release|Any CPU
		{947080B8-5795-45BC-9094-9BC86F93AE8B}.Debug|Any CPU.ActiveCfg = Debug|Any CPU
		{947080B8-5795-45BC-9094-9BC86F93AE8B}.Debug|Any CPU.Build.0 = Debug|Any CPU
		{947080B8-5795-45BC-9094-9BC86F93AE8B}.Release|Any CPU.ActiveCfg = Release|Any CPU
		{947080B8-5795-45BC-9094-9BC86F93AE8B}.Release|Any CPU.Build.0 = Release|Any CPU
		{B671B4AC-F7D5-4E16-8C68-7A74649656A0}.Debug|Any CPU.ActiveCfg = Debug|Any CPU
		{B671B4AC-F7D5-4E16-8C68-7A74649656A0}.Debug|Any CPU.Build.0 = Debug|Any CPU
		{B671B4AC-F7D5-4E16-8C68-7A74649656A0}.Release|Any CPU.ActiveCfg = Release|Any CPU
		{B671B4AC-F7D5-4E16-8C68-7A74649656A0}.Release|Any CPU.Build.0 = Release|Any CPU
	EndGlobalSection
	GlobalSection(SolutionProperties) = preSolution
		HideSolutionNode = FALSE
	EndGlobalSection
	GlobalSection(ExtensibilityGlobals) = postSolution
		SolutionGuid = {9A977A1D-E0AE-4533-9F36-3FDADEC58A83}
	EndGlobalSection
EndGlobal
